skills:
  vue-skilld:
    packageName: vue
    version: 3.5.42
    repo: vuejs/core
    source: "https://github.com/vuejs/core/tree/v3.5.42/docs"
    syncedAt: 2026-09-14
    generator: skilld
  vue-router-skilld:
    packageName: vue-router
    version: 5.3.1
    repo: vuejs/router
    source: "https://github.com/vuejs/router/tree/v5.3.1/docs"
    syncedAt: 2026-09-14
    generator: skilld
  nuxt-skilld:
    packageName: nuxt
    version: 4.5.2
    repo: nuxt/nuxt
    source: "https://nuxt.com/llms.txt"
    syncedAt: 2026-09-14
    generator: skilld
  catppuccin-palette-skilld:
    packageName: "@catppuccin/palette"
    version: 1.8.0
    repo: catppuccin/palette
    source: "ungh://catppuccin/palette@v1.8.0"
    syncedAt: 2026-09-14
    generator: skilld
  tailwindcss-vite-skilld:
    packageName: "@tailwindcss/vite"
    version: 4.3.3
    repo: tailwindlabs/tailwindcss
    source: "https://github.com/tailwindlabs/tailwindcss/tree/v4.3.3/docs"
    syncedAt: 2026-09-14
    generator: skilld
  linear-sdk-skilld:
    packageName: "@linear/sdk"
    version: 84.0.0
    repo: linear/linear
    source: "https://raw.githubusercontent.com/linear/linear/@linear/sdk@84.0.0/README.md"
    syncedAt: 2026-09-14
    generator: skilld
  nitro-cloudflare-dev-skilld:
    packageName: nitro-cloudflare-dev
    version: 0.2.2
    repo: pi0/nitro-cloudflare-dev
    source: "ungh://pi0/nitro-cloudflare-dev"
    syncedAt: 2026-09-14
    generator: skilld
  skilld-skilld:
    packageName: skilld
    version: 2.3.0
    repo: skilld-dev/skilld
    source: "https://github.com/skilld-dev/skilld/tree/v2.3.0/docs"
    syncedAt: 2026-09-14
    generator: skilld
  tailwindcss-skilld:
    packageName: tailwindcss
    version: 4.3.3
    repo: tailwindlabs/tailwindcss
    source: "ungh://tailwindlabs/tailwindcss/packages/tailwindcss@main"
    syncedAt: 2026-09-14
    generator: skilld
  wrangler-skilld:
    packageName: wrangler
    version: 4.129.0
    repo: cloudflare/workers-sdk
    source: "https://github.com/cloudflare/workers-sdk/tree/v4.129.0/docs"
    syncedAt: 2026-09-14
    generator: skilld
  types-node-skilld:
    packageName: "@types/node"
    version: 25.9.5
    repo: DefinitelyTyped/DefinitelyTyped
    source: readme
    syncedAt: 2026-09-14
    generator: skilld
  nitropack-skilld:
    packageName: nitropack
    version: 2.13.4
    repo: nitrojs/nitro
    source: "https://github.com/nitrojs/nitro/tree/v2.13.4/docs"
    syncedAt: 2026-09-14
    generator: skilld
